
Microsoft Visual Studio Solution File, Format Version 12.00
# Visual Studio Version 16
VisualStudioVersion = 16.0.31829.152
MinimumVisualStudioVersion = 10.0.40219.1
Project("{FAE04EC0-301F-11D3-BF4B-00C04F79EFBC}") = "CFGIntro", "CFGIntro\CFGIntro.csproj", "{7BFD2413-AA1B-478D-9DEC-06349B3BE412}"
EndProject
Global
	GlobalSection(SolutionConfigurationPlatforms) = preSolution
		Debug|Any CPU = Debug|Any CPU
		Release|Any CPU = Release|Any CPU
	EndGlobalSection
	GlobalSection(ProjectConfigurationPlatforms) = postSolution
		{7BFD2413-AA1B-478D-9DEC-06349B3BE412}.Debug|Any CPU.ActiveCfg = Debug|Any CPU
		{7BFD2413-AA1B-478D-9DEC-06349B3BE412}.Debug|Any CPU.Build.0 = Debug|Any CPU
		{7BFD2413-AA1B-478D-9DEC-06349B3BE412}.Release|Any CPU.ActiveCfg = Release|Any CPU
		{7BFD2413-AA1B-478D-9DEC-06349B3BE412}.Release|Any CPU.Build.0 = Release|Any CPU
	EndGlobalSection
	GlobalSection(SolutionProperties) = preSolution
		HideSolutionNode = FALSE
	EndGlobalSection
	GlobalSection(ExtensibilityGlobals) = postSolution
		SolutionGuid = {D4A8E38D-5870-4BB9-B002-554C94B6E4BE}
	EndGlobalSection
EndGlobal
